
Microsoft Visual Studio Solution File, Format Version 12.00
# Visual Studio Version 17
VisualStudioVersion = 17.3.32819.101
MinimumVisualStudioVersion = 10.0.40219.1
Project("{FAE04EC0-301F-11D3-BF4B-00C04F79EFBC}") = "WinFormsApp1", "WinFormsApp1\WinFormsApp1.csproj", "{80EF52B1-948D-459E-8145-A2DB5EE1E243}"
EndProject
Global
	GlobalSection(SolutionConfigurationPlatforms) = preSolution
		Debug|Any CPU = Debug|Any CPU
		Release|Any CPU = Release|Any CPU
	EndGlobalSection
	GlobalSection(ProjectConfigurationPlatforms) = postSolution
		{80EF52B1-948D-459E-8145-A2DB5EE1E243}.Debug|Any CPU.ActiveCfg = Debug|Any CPU
		{80EF52B1-948D-459E-8145-A2DB5EE1E243}.Debug|Any CPU.Build.0 = Debug|Any CPU
		{80EF52B1-948D-459E-8145-A2DB5EE1E243}.Release|Any CPU.ActiveCfg = Release|Any CPU
		{80EF52B1-948D-459E-8145-A2DB5EE1E243}.Release|Any CPU.Build.0 = Release|Any CPU
	EndGlobalSection
	GlobalSection(SolutionProperties) = preSolution
		HideSolutionNode = FALSE
	EndGlobalSection
	GlobalSection(ExtensibilityGlobals) = postSolution
		SolutionGuid = {DFFA31AB-C4F3-4F8B-8113-3D10AD64E955}
	EndGlobalSection
EndGlobal
